
Microsoft Visual Studio Solution File, Format Version 12.00
# Visual Studio Version 17
VisualStudioVersion = 17.2.32526.322
MinimumVisualStudioVersion = 10.0.40219.1
Project("{FAE04EC0-301F-11D3-BF4B-00C04F79EFBC}") = "InsertionSort", "InsertionSort\InsertionSort.csproj", "{DFC07625-4EB2-41B5-B39B-983795C78349}"
EndProject
Global
	GlobalSection(SolutionConfigurationPlatforms) = preSolution
		Debug|Any CPU = Debug|Any CPU
		Release|Any CPU = Release|Any CPU
	EndGlobalSection
	GlobalSection(ProjectConfigurationPlatforms) = postSolution
		{DFC07625-4EB2-41B5-B39B-983795C78349}.Debug|Any CPU.ActiveCfg = Debug|Any CPU
		{DFC07625-4EB2-41B5-B39B-983795C78349}.Debug|Any CPU.Build.0 = Debug|Any CPU
		{DFC07625-4EB2-41B5-B39B-983795C78349}.Release|Any CPU.ActiveCfg = Release|Any CPU
		{DFC07625-4EB2-41B5-B39B-983795C78349}.Release|Any CPU.Build.0 = Release|Any CPU
	EndGlobalSection
	GlobalSection(SolutionProperties) = preSolution
		HideSolutionNode = FALSE
	EndGlobalSection
	GlobalSection(ExtensibilityGlobals) = postSolution
		SolutionGuid = {E0BE4BA6-4151-4AE9-A8B4-05BC68A8C7DD}
	EndGlobalSection
EndGlobal
